
Microsoft Visual Studio Solution File, Format Version 12.00
# Visual Studio Version 17
VisualStudioVersion = 17.0.31903.59
MinimumVisualStudioVersion = 10.0.40219.1
Project("{FAE04EC0-301F-11D3-BF4B-00C04F79EFBC}") = "EggCommand.Core", "EggCommand.Core\EggCommand.Core.csproj", "{3798F24C-855A-4C3F-94C2-7A834A81CF06}"
EndProject
Project("{FAE04EC0-301F-11D3-BF4B-00C04F79EFBC}") = "EggCommand.Tests", "EggCommand.Tests\EggCommand.Tests.csproj", "{945322E6-7DA1-42C5-AF49-D7F837317076}"
EndProject
Project("{FAE04EC0-301F-11D3-BF4B-00C04F79EFBC}") = "EggCommand.Sim", "EggCommand.Sim\EggCommand.Sim.csproj", "{4EBC7B45-3791-4AF1-9055-CBCCB10BD0BE}"
EndProject
Global
	GlobalSection(SolutionConfigurationPlatforms) = preSolution
		Debug|Any CPU = Debug|Any CPU
		Debug|x64 = Debug|x64
		Debug|x86 = Debug|x86
		Release|Any CPU = Release|Any CPU
		Release|x64 = Release|x64
		Release|x86 = Release|x86
	EndGlobalSection
	GlobalSection(ProjectConfigurationPlatforms) = postSolution
		{3798F24C-855A-4C3F-94C2-7A834A81CF06}.Debug|Any CPU.ActiveCfg = Debug|Any CPU
		{3798F24C-855A-4C3F-94C2-7A834A81CF06}.Debug|Any CPU.Build.0 = Debug|Any CPU
		{3798F24C-855A-4C3F-94C2-7A834A81CF06}.Debug|x64.ActiveCfg = Debug|Any CPU
		{3798F24C-855A-4C3F-94C2-7A834A81CF06}.Debug|x64.Build.0 = Debug|Any CPU
		{3798F24C-855A-4C3F-94C2-7A834A81CF06}.Debug|x86.ActiveCfg = Debug|Any CPU
		{3798F24C-855A-4C3F-94C2-7A834A81CF06}.Debug|x86.Build.0 = Debug|Any CPU
		{3798F24C-855A-4C3F-94C2-7A834A81CF06}.Release|Any CPU.ActiveCfg = Release|Any CPU
		{3798F24C-855A-4C3F-94C2-7A834A81CF06}.Release|Any CPU.Build.0 = Release|Any CPU
		{3798F24C-855A-4C3F-94C2-7A834A81CF06}.Release|x64.ActiveCfg = Release|Any CPU
		{3798F24C-855A-4C3F-94C2-7A834A81CF06}.Release|x64.Build.0 = Release|Any CPU
		{3798F24C-855A-4C3F-94C2-7A834A81CF06}.Release|x86.ActiveCfg = Release|Any CPU
		{3798F24C-855A-4C3F-94C2-7A834A81CF06}.Release|x86.Build.0 = Release|Any CPU
		{945322E6-7DA1-42C5-AF49-D7F837317076}.Debug|Any CPU.ActiveCfg = Debug|Any CPU
		{945322E6-7DA1-42C5-AF49-D7F837317076}.Debug|Any CPU.Build.0 = Debug|Any CPU
		{945322E6-7DA1-42C5-AF49-D7F837317076}.Debug|x64.ActiveCfg = Debug|Any CPU
		{945322E6-7DA1-42C5-AF49-D7F837317076}.Debug|x64.Build.0 = Debug|Any CPU
		{945322E6-7DA1-42C5-AF49-D7F837317076}.Debug|x86.ActiveCfg = Debug|Any CPU
		{945322E6-7DA1-42C5-AF49-D7F837317076}.Debug|x86.Build.0 = Debug|Any CPU
		{945322E6-7DA1-42C5-AF49-D7F837317076}.Release|Any CPU.ActiveCfg = Release|Any CPU
		{945322E6-7DA1-42C5-AF49-D7F837317076}.Release|Any CPU.Build.0 = Release|Any CPU
		{945322E6-7DA1-42C5-AF49-D7F837317076}.Release|x64.ActiveCfg = Release|Any CPU
		{945322E6-7DA1-42C5-AF49-D7F837317076}.Release|x64.Build.0 = Release|Any CPU
		{945322E6-7DA1-42C5-AF49-D7F837317076}.Release|x86.ActiveCfg = Release|Any CPU
		{945322E6-7DA1-42C5-AF49-D7F837317076}.Release|x86.Build.0 = Release|Any CPU
		{4EBC7B45-3791-4AF1-9055-CBCCB10BD0BE}.Debug|Any CPU.ActiveCfg = Debug|Any CPU
		{4EBC7B45-3791-4AF1-9055-CBCCB10BD0BE}.Debug|Any CPU.Build.0 = Debug|Any CPU
		{4EBC7B45-3791-4AF1-9055-CBCCB10BD0BE}.Debug|x64.ActiveCfg = Debug|Any CPU
		{4EBC7B45-3791-4AF1-9055-CBCCB10BD0BE}.Debug|x64.Build.0 = Debug|Any CPU
		{4EBC7B45-3791-4AF1-9055-CBCCB10BD0BE}.Debug|x86.ActiveCfg = Debug|Any CPU
		{4EBC7B45-3791-4AF1-9055-CBCCB10BD0BE}.Debug|x86.Build.0 = Debug|Any CPU
		{4EBC7B45-3791-4AF1-9055-CBCCB10BD0BE}.Release|Any CPU.ActiveCfg = Release|Any CPU
		{4EBC7B45-3791-4AF1-9055-CBCCB10BD0BE}.Release|Any CPU.Build.0 = Release|Any CPU
		{4EBC7B45-3791-4AF1-9055-CBCCB10BD0BE}.Release|x64.ActiveCfg = Release|Any CPU
		{4EBC7B45-3791-4AF1-9055-CBCCB10BD0BE}.Release|x64.Build.0 = Release|Any CPU
		{4EBC7B45-3791-4AF1-9055-CBCCB10BD0BE}.Release|x86.ActiveCfg = Release|Any CPU
		{4EBC7B45-3791-4AF1-9055-CBCCB10BD0BE}.Release|x86.Build.0 = Release|Any CPU
	EndGlobalSection
	GlobalSection(SolutionProperties) = preSolution
		HideSolutionNode = FALSE
	EndGlobalSection
EndGlobal
